
Microsoft Visual Studio Solution File, Format Version 12.00
# Visual Studio Version 16
VisualStudioVersion = 16.0.29806.167
MinimumVisualStudioVersion = 10.0.40219.1
Project("{8BC9CEB8-8B4A-11D0-8D11-00A0C91BC942}") = "Williams_chapter12_program1", "Williams_chapter12_program1\Williams_chapter12_program1.vcxproj", "{EEE9094C-7E49-4CF8-A788-F2096B91417D}"
EndProject
Global
	GlobalSection(SolutionConfigurationPlatforms) = preSolution
		Debug|x64 = Debug|x64
		Debug|x86 = Debug|x86
		Release|x64 = Release|x64
		Release|x86 = Release|x86
	EndGlobalSection
	GlobalSection(ProjectConfigurationPlatforms) = postSolution
		{EEE9094C-7E49-4CF8-A788-F2096B91417D}.Debug|x64.ActiveCfg = Debug|x64
		{EEE9094C-7E49-4CF8-A788-F2096B91417D}.Debug|x64.Build.0 = Debug|x64
		{EEE9094C-7E49-4CF8-A788-F2096B91417D}.Debug|x86.ActiveCfg = Debug|Win32
		{EEE9094C-7E49-4CF8-A788-F2096B91417D}.Debug|x86.Build.0 = Debug|Win32
		{EEE9094C-7E49-4CF8-A788-F2096B91417D}.Release|x64.ActiveCfg = Release|x64
		{EEE9094C-7E49-4CF8-A788-F2096B91417D}.Release|x64.Build.0 = Release|x64
		{EEE9094C-7E49-4CF8-A788-F2096B91417D}.Release|x86.ActiveCfg = Release|Win32
		{EEE9094C-7E49-4CF8-A788-F2096B91417D}.Release|x86.Build.0 = Release|Win32
	EndGlobalSection
	GlobalSection(SolutionProperties) = preSolution
		HideSolutionNode = FALSE
	EndGlobalSection
	GlobalSection(ExtensibilityGlobals) = postSolution
		SolutionGuid = {E9B258A0-266E-4730-8725-36FDD86E4F8C}
	EndGlobalSection
EndGlobal
